
Microsoft Visual Studio Solution File, Format Version 12.00
# Visual Studio Version 17
VisualStudioVersion = 17.4.33213.308
MinimumVisualStudioVersion = 10.0.40219.1
Project("{FAE04EC0-301F-11D3-BF4B-00C04F79EFBC}") = "compressToOneFile.UI", "compressToOneFile.UI\compressToOneFile.UI.csproj", "{83921899-1BEC-4E06-8252-2364A3F78973}"
EndProject
Project("{FAE04EC0-301F-11D3-BF4B-00C04F79EFBC}") = "compressToOneFile.Entities", "compressToOneFile.Entities\compressToOneFile.Entities.csproj", "{4E0A0476-34CA-4436-AE99-D153D6C7CC9A}"
EndProject
Project("{FAE04EC0-301F-11D3-BF4B-00C04F79EFBC}") = "Utilities", "Utilities\Utilities.csproj", "{6E9A9F42-A088-463F-A093-1993FE673626}"
EndProject
Global
	GlobalSection(SolutionConfigurationPlatforms) = preSolution
		Debug|Any CPU = Debug|Any CPU
		Release|Any CPU = Release|Any CPU
	EndGlobalSection
	GlobalSection(ProjectConfigurationPlatforms) = postSolution
		{83921899-1BEC-4E06-8252-2364A3F78973}.Debug|Any CPU.ActiveCfg = Debug|Any CPU
		{83921899-1BEC-4E06-8252-2364A3F78973}.Debug|Any CPU.Build.0 = Debug|Any CPU
		{83921899-1BEC-4E06-8252-2364A3F78973}.Release|Any CPU.ActiveCfg = Release|Any CPU
		{83921899-1BEC-4E06-8252-2364A3F78973}.Release|Any CPU.Build.0 = Release|Any CPU
		{4E0A0476-34CA-4436-AE99-D153D6C7CC9A}.Debug|Any CPU.ActiveCfg = Debug|Any CPU
		{4E0A0476-34CA-4436-AE99-D153D6C7CC9A}.Debug|Any CPU.Build.0 = Debug|Any CPU
		{4E0A0476-34CA-4436-AE99-D153D6C7CC9A}.Release|Any CPU.ActiveCfg = Release|Any CPU
		{4E0A0476-34CA-4436-AE99-D153D6C7CC9A}.Release|Any CPU.Build.0 = Release|Any CPU
		{6E9A9F42-A088-463F-A093-1993FE673626}.Debug|Any CPU.ActiveCfg = Debug|Any CPU
		{6E9A9F42-A088-463F-A093-1993FE673626}.Debug|Any CPU.Build.0 = Debug|Any CPU
		{6E9A9F42-A088-463F-A093-1993FE673626}.Release|Any CPU.ActiveCfg = Release|Any CPU
		{6E9A9F42-A088-463F-A093-1993FE673626}.Release|Any CPU.Build.0 = Release|Any CPU
	EndGlobalSection
	GlobalSection(SolutionProperties) = preSolution
		HideSolutionNode = FALSE
	EndGlobalSection
	GlobalSection(ExtensibilityGlobals) = postSolution
		SolutionGuid = {10D4A2C7-8FF3-4572-8D8C-F3DD84AD8824}
	EndGlobalSection
EndGlobal
